<?xml version="1.0" encoding="utf-8"?>
<Project ToolsVersion="4.0" xmlns="http://schemas.microsoft.com/developer/msbuild/2003">
  <ItemGroup>
    <Filter Include="shaders">
      <UniqueIdentifier>{325aaf22-b030-4375-9b1a-9fa9d4f2bc82}</UniqueIdentifier>
    </Filter>
    <Filter Include="src">
      <UniqueIdentifier>{c07dcad4-f14a-40aa-849d-f4ff8eaf5864}</UniqueIdentifier>
    </Filter>
    <Filter Include="third_party">
      <UniqueIdentifier>{5dcf95f5-31f6-4a4a-8169-558e8e9688f0}</UniqueIdentifier>
    </Filter>
    <Filter Include="third_party\vkbootstrap">
      <UniqueIdentifier>{f642af72-ae92-4d05-a542-f7d53066a38c}</UniqueIdentifier>
    </Filter>
  </ItemGroup>
  <ItemGroup>
    <ClCompile Include="third_party\vkbootstrap\VkBootstrap.cpp">
      <Filter>third_party\vkbootstrap</Filter>
    </ClCompile>
    <ClCompile Include="src\main.cpp">
      <Filter>src</Filter>
    </ClCompile>
    <ClCompile Include="src\vk_engine.cpp">
      <Filter>src</Filter>
    </ClCompile>
    <ClCompile Include="src\vk_initializers.cpp">
      <Filter>src</Filter>
    </ClCompile>
  </ItemGroup>
  <ItemGroup>
    <ClInclude Include="third_party\vkbootstrap\VkBootstrap.h">
      <Filter>third_party\vkbootstrap</Filter>
    </ClInclude>
    <ClInclude Include="src\vk_engine.h">
      <Filter>src</Filter>
    </ClInclude>
    <ClInclude Include="src\vk_initializers.h">
      <Filter>src</Filter>
    </ClInclude>
    <ClInclude Include="src\vk_types.h">
      <Filter>src</Filter>
    </ClInclude>
  </ItemGroup>
  <ItemGroup>
    <None Include="shaders\triangle.frag">
      <Filter>shaders</Filter>
    </None>
    <None Include="shaders\triangle.vert">
      <Filter>shaders</Filter>
    </None>
  </ItemGroup>
</Project>